{
  "name": "server",
  "version": "1.0.0",
  "lockfileVersion": 2,
  "requires": true,
  "packages": {
    "": {
      "name": "server",
      "version": "1.0.0",
      "license": "ISC",
      "dependencies": {
        "@prisma/client": "^4.1.0",
        "cors": "^2.8.5"
      },
      "devDependencies": {
        "prisma": "^4.1.0"
      }
    },
    "node_modules/@prisma/client": {
      "version": "4.1.0",
      "resolved": "https://registry.npmjs.org/@prisma/client/-/client-4.1.0.tgz",
      "integrity": "sha512-MvfPGAd42vHTiCYxwS6N+2U3F+ukoJ48D2QRnX1zSPJHBkh1CBtshl75daKzvVfgQwSouzSQeugKDej5di+E/g==",
      "hasInstallScript": true,
      "dependencies": {
        "@prisma/engines-version": "4.1.0-48.8d8414deb360336e4698a65aa45a1fbaf1ce13d8"
      },
      "engines": {
        "node": ">=14.17"
      },
      "peerDependencies": {
        "prisma": "*"
      },
      "peerDependenciesMeta": {
        "prisma": {
          "optional": true
        }
      }
    },
    "node_modules/@prisma/engines": {
      "version": "4.1.0",
      "resolved": "https://registry.npmjs.org/@prisma/engines/-/engines-4.1.0.tgz",
      "integrity": "sha512-quqHXD3P83NBLVtRlts4SgKHmqgA8GMiyDTJ7af03Wg0gl6F5t65mBYvIuwmD+52vHm42JtIsp/fAO9YIV0JBA==",
      "devOptional": true,
      "hasInstallScript": true
    },
    "node_modules/@prisma/engines-version": {
      "version": "4.1.0-48.8d8414deb360336e4698a65aa45a1fbaf1ce13d8",
      "resolved": "https://registry.npmjs.org/@prisma/engines-version/-/engines-version-4.1.0-48.8d8414deb360336e4698a65aa45a1fbaf1ce13d8.tgz",
      "integrity": "sha512-cRRJwpHFGFJZvtHbY3GZjMffNBEjjZk68ztn+S2hDgPCGB4H66IK26roK94GJxBodSehwRJ0wGyebC2GoIH1JQ=="
    },
    "node_modules/cors": {
      "version": "2.8.5",
      "resolved": "https://registry.npmjs.org/cors/-/cors-2.8.5.tgz",
      "integrity": "sha512-KIHbLJqu73RGr/hnbrO9uBeixNGuvSQjul/jdFvS/KFSIH1hWVd1ng7zOHx+YrEfInLG7q4n6GHQ9cDtxv/P6g==",
      "dependencies": {
        "object-assign": "^4",
        "vary": "^1"
      },
      "engines": {
        "node": ">= 0.10"
      }
    },
    "node_modules/object-assign": {
      "version": "4.1.1",
      "resolved": "https://registry.npmjs.org/object-assign/-/object-assign-4.1.1.tgz",
      "integrity": "sha512-rJgTQnkUnH1sFw8yT6VSU3zD3sWmu6sZhIseY8VX+GRu3P6F7Fu+JNDoXfklElbLJSnc3FUQHVe4cU5hj+BcUg==",
      "engines": {
        "node": ">=0.10.0"
      }
    },
    "node_modules/prisma": {
      "version": "4.1.0",
      "resolved": "https://registry.npmjs.org/prisma/-/prisma-4.1.0.tgz",
      "integrity": "sha512-iwqpAT6In1uvMSwQAM3PqmaBdhh2OaQ/2t+n3RjpW4vAKP3R7E1T34FZUU4zGOWtMWm5dt0sPThQkT/h87r6gw==",
      "devOptional": true,
      "hasInstallScript": true,
      "dependencies": {
        "@prisma/engines": "4.1.0"
      },
      "bin": {
        "prisma": "build/index.js",
        "prisma2": "build/index.js"
      },
      "engines": {
        "node": ">=14.17"
      }
    },
    "node_modules/vary": {
      "version": "1.1.2",
      "resolved": "https://registry.npmjs.org/vary/-/vary-1.1.2.tgz",
      "integrity": "sha512-BNGbWLfd0eUPabhkXUVm0j8uuvREyTh5ovRa/dyow/BqAbZJyC+5fU+IzQOzmAKzYqYRAISoRhdQr3eIZ/PXqg==",
      "engines": {
        "node": ">= 0.8"
      }
    }
  },
  "dependencies": {
    "@prisma/client": {
      "version": "4.1.0",
      "resolved": "https://registry.npmjs.org/@prisma/client/-/client-4.1.0.tgz",
      "integrity": "sha512-MvfPGAd42vHTiCYxwS6N+2U3F+ukoJ48D2QRnX1zSPJHBkh1CBtshl75daKzvVfgQwSouzSQeugKDej5di+E/g==",
      "requires": {
        "@prisma/engines-version": "4.1.0-48.8d8414deb360336e4698a65aa45a1fbaf1ce13d8"
      }
    },
    "@prisma/engines": {
      "version": "4.1.0",
      "resolved": "https://registry.npmjs.org/@prisma/engines/-/engines-4.1.0.tgz",
      "integrity": "sha512-quqHXD3P83NBLVtRlts4SgKHmqgA8GMiyDTJ7af03Wg0gl6F5t65mBYvIuwmD+52vHm42JtIsp/fAO9YIV0JBA==",
      "devOptional": true
    },
    "@prisma/engines-version": {
      "version": "4.1.0-48.8d8414deb360336e4698a65aa45a1fbaf1ce13d8",
      "resolved": "https://registry.npmjs.org/@prisma/engines-version/-/engines-version-4.1.0-48.8d8414deb360336e4698a65aa45a1fbaf1ce13d8.tgz",
      "integrity": "sha512-cRRJwpHFGFJZvtHbY3GZjMffNBEjjZk68ztn+S2hDgPCGB4H66IK26roK94GJxBodSehwRJ0wGyebC2GoIH1JQ=="
    },
    "cors": {
      "version": "2.8.5",
      "resolved": "https://registry.npmjs.org/cors/-/cors-2.8.5.tgz",
      "integrity": "sha512-KIHbLJqu73RGr/hnbrO9uBeixNGuvSQjul/jdFvS/KFSIH1hWVd1ng7zOHx+YrEfInLG7q4n6GHQ9cDtxv/P6g==",
      "requires": {
        "object-assign": "^4",
        "vary": "^1"
      }
    },
    "object-assign": {
      "version": "4.1.1",
      "resolved": "https://registry.npmjs.org/object-assign/-/object-assign-4.1.1.tgz",
      "integrity": "sha512-rJgTQnkUnH1sFw8yT6VSU3zD3sWmu6sZhIseY8VX+GRu3P6F7Fu+JNDoXfklElbLJSnc3FUQHVe4cU5hj+BcUg=="
    },
    "prisma": {
      "version": "4.1.0",
      "resolved": "https://registry.npmjs.org/prisma/-/prisma-4.1.0.tgz",
      "integrity": "sha512-iwqpAT6In1uvMSwQAM3PqmaBdhh2OaQ/2t+n3RjpW4vAKP3R7E1T34FZUU4zGOWtMWm5dt0sPThQkT/h87r6gw==",
      "devOptional": true,
      "requires": {
        "@prisma/engines": "4.1.0"
      }
    },
    "vary": {
      "version": "1.1.2",
      "resolved": "https://registry.npmjs.org/vary/-/vary-1.1.2.tgz",
      "integrity": "sha512-BNGbWLfd0eUPabhkXUVm0j8uuvREyTh5ovRa/dyow/BqAbZJyC+5fU+IzQOzmAKzYqYRAISoRhdQr3eIZ/PXqg=="
    }
  }
}
